
Microsoft Visual Studio Solution File, Format Version 11.00
# Visual Studio 2010
Project("{FAE04EC0-301F-11D3-BF4B-00C04F79EFBC}") = "MapReduce", "MapReduce\MapReduce.csproj", "{5F2B774F-EAA4-4B26-8619-8AA22C7DABA3}"
EndProject
Project("{FAE04EC0-301F-11D3-BF4B-00C04F79EFBC}") = "MapReduceCode", "MapReduceCode\MapReduceCode.csproj", "{B836CD3B-B442-4F5F-AC25-ED5F3CE7E8CB}"
EndProject
Global
	GlobalSection(SolutionConfigurationPlatforms) = preSolution
		Debug|Any CPU = Debug|Any CPU
		Debug|Mixed Platforms = Debug|Mixed Platforms
		Debug|x86 = Debug|x86
		Release|Any CPU = Release|Any CPU
		Release|Mixed Platforms = Release|Mixed Platforms
		Release|x86 = Release|x86
	EndGlobalSection
	GlobalSection(ProjectConfigurationPlatforms) = postSolution
		{5F2B774F-EAA4-4B26-8619-8AA22C7DABA3}.Debug|Any CPU.ActiveCfg = Debug|x86
		{5F2B774F-EAA4-4B26-8619-8AA22C7DABA3}.Debug|Mixed Platforms.ActiveCfg = Debug|x86
		{5F2B774F-EAA4-4B26-8619-8AA22C7DABA3}.Debug|Mixed Platforms.Build.0 = Debug|x86
		{5F2B774F-EAA4-4B26-8619-8AA22C7DABA3}.Debug|x86.ActiveCfg = Debug|x86
		{5F2B774F-EAA4-4B26-8619-8AA22C7DABA3}.Debug|x86.Build.0 = Debug|x86
		{5F2B774F-EAA4-4B26-8619-8AA22C7DABA3}.Release|Any CPU.ActiveCfg = Release|x86
		{5F2B774F-EAA4-4B26-8619-8AA22C7DABA3}.Release|Mixed Platforms.ActiveCfg = Release|x86
		{5F2B774F-EAA4-4B26-8619-8AA22C7DABA3}.Release|Mixed Platforms.Build.0 = Release|x86
		{5F2B774F-EAA4-4B26-8619-8AA22C7DABA3}.Release|x86.ActiveCfg = Release|x86
		{5F2B774F-EAA4-4B26-8619-8AA22C7DABA3}.Release|x86.Build.0 = Release|x86
		{B836CD3B-B442-4F5F-AC25-ED5F3CE7E8CB}.Debug|Any CPU.ActiveCfg = Debug|Any CPU
		{B836CD3B-B442-4F5F-AC25-ED5F3CE7E8CB}.Debug|Any CPU.Build.0 = Debug|Any CPU
		{B836CD3B-B442-4F5F-AC25-ED5F3CE7E8CB}.Debug|Mixed Platforms.ActiveCfg = Debug|Any CPU
		{B836CD3B-B442-4F5F-AC25-ED5F3CE7E8CB}.Debug|Mixed Platforms.Build.0 = Debug|Any CPU
		{B836CD3B-B442-4F5F-AC25-ED5F3CE7E8CB}.Debug|x86.ActiveCfg = Debug|Any CPU
		{B836CD3B-B442-4F5F-AC25-ED5F3CE7E8CB}.Release|Any CPU.ActiveCfg = Release|Any CPU
		{B836CD3B-B442-4F5F-AC25-ED5F3CE7E8CB}.Release|Any CPU.Build.0 = Release|Any CPU
		{B836CD3B-B442-4F5F-AC25-ED5F3CE7E8CB}.Release|Mixed Platforms.ActiveCfg = Release|Any CPU
		{B836CD3B-B442-4F5F-AC25-ED5F3CE7E8CB}.Release|Mixed Platforms.Build.0 = Release|Any CPU
		{B836CD3B-B442-4F5F-AC25-ED5F3CE7E8CB}.Release|x86.ActiveCfg = Release|Any CPU
	EndGlobalSection
	GlobalSection(SolutionProperties) = preSolution
		HideSolutionNode = FALSE
	EndGlobalSection
EndGlobal
